
Microsoft Visual Studio Solution File, Format Version 12.00
# Visual Studio Version 16
VisualStudioVersion = 16.0.30907.101
MinimumVisualStudioVersion = 10.0.40219.1
Project("{FAE04EC0-301F-11D3-BF4B-00C04F79EFBC}") = "NumberTextConvertion", "SayiYazi\NumberTextConvertion.csproj", "{3C46F357-6EEE-4FE8-AB29-EF4530BA4E8E}"
EndProject
Global
	GlobalSection(SolutionConfigurationPlatforms) = preSolution
		Debug|Any CPU = Debug|Any CPU
		Release|Any CPU = Release|Any CPU
	EndGlobalSection
	GlobalSection(ProjectConfigurationPlatforms) = postSolution
		{3C46F357-6EEE-4FE8-AB29-EF4530BA4E8E}.Debug|Any CPU.ActiveCfg = Debug|Any CPU
		{3C46F357-6EEE-4FE8-AB29-EF4530BA4E8E}.Debug|Any CPU.Build.0 = Debug|Any CPU
		{3C46F357-6EEE-4FE8-AB29-EF4530BA4E8E}.Release|Any CPU.ActiveCfg = Release|Any CPU
		{3C46F357-6EEE-4FE8-AB29-EF4530BA4E8E}.Release|Any CPU.Build.0 = Release|Any CPU
	EndGlobalSection
	GlobalSection(SolutionProperties) = preSolution
		HideSolutionNode = FALSE
	EndGlobalSection
	GlobalSection(ExtensibilityGlobals) = postSolution
		SolutionGuid = {4DC05F92-1DC2-4BEF-A2A5-FBFD906F7F19}
	EndGlobalSection
EndGlobal
